
Microsoft Visual Studio Solution File, Format Version 12.00
# Visual Studio Version 17
VisualStudioVersion = 17.11.35312.102
MinimumVisualStudioVersion = 10.0.40219.1
Project("{FAE04EC0-301F-11D3-BF4B-00C04F79EFBC}") = "Sage", "Sage.csproj", "{ED98FF5E-FD9B-44BD-B879-7F3752C511FF}"
EndProject
Global
	GlobalSection(SolutionConfigurationPlatforms) = preSolution
		Debug|Any CPU = Debug|Any CPU
		Release|Any CPU = Release|Any CPU
	EndGlobalSection
	GlobalSection(ProjectConfigurationPlatforms) = postSolution
		{ED98FF5E-FD9B-44BD-B879-7F3752C511FF}.Debug|Any CPU.ActiveCfg = Debug|Any CPU
		{ED98FF5E-FD9B-44BD-B879-7F3752C511FF}.Debug|Any CPU.Build.0 = Debug|Any CPU
		{ED98FF5E-FD9B-44BD-B879-7F3752C511FF}.Release|Any CPU.ActiveCfg = Release|Any CPU
		{ED98FF5E-FD9B-44BD-B879-7F3752C511FF}.Release|Any CPU.Build.0 = Release|Any CPU
	EndGlobalSection
	GlobalSection(SolutionProperties) = preSolution
		HideSolutionNode = FALSE
	EndGlobalSection
	GlobalSection(ExtensibilityGlobals) = postSolution
		SolutionGuid = {B96C84F7-2FED-43BC-9260-478F5932BFB2}
	EndGlobalSection
EndGlobal
